<?xml version="1.0" encoding="utf-8"?>
<Project ToolsVersion="4.0" xmlns="http://schemas.microsoft.com/developer/msbuild/2003">
  <ItemGroup>
    <Filter Include="Quelldateien">
      <UniqueIdentifier>{4FC737F1-C7A5-4376-A066-2A32D752A2FF}</UniqueIdentifier>
      <Extensions>cpp;c;cc;cxx;c++;cppm;ixx;def;odl;idl;hpj;bat;asm;asmx</Extensions>
    </Filter>
    <Filter Include="Headerdateien">
      <UniqueIdentifier>{93995380-89BD-4b04-88EB-625FBE52EBFB}</UniqueIdentifier>
      <Extensions>h;hh;hpp;hxx;h++;hm;inl;inc;ipp;xsd</Extensions>
    </Filter>
    <Filter Include="Ressourcendateien">
      <UniqueIdentifier>{67DA6AB6-F800-4c08-8B7A-83BB121AAD01}</UniqueIdentifier>
      <Extensions>rc;ico;cur;bmp;dlg;rc2;rct;bin;rgs;gif;jpg;jpeg;jpe;resx;tiff;tif;png;wav;mfcribbon-ms</Extensions>
    </Filter>
  </ItemGroup>
  <ItemGroup>
    <ClInclude Include="GraphicProgrammingEngine.h">
      <Filter>Headerdateien</Filter>
    </ClInclude>
    <ClInclude Include="GP_Core.h">
      <Filter>Headerdateien</Filter>
    </ClInclude>
    <ClInclude Include="GP_Window.h">
      <Filter>Headerdateien</Filter>
    </ClInclude>
    <ClInclude Include="GP_Renderer.h">
      <Filter>Headerdateien</Filter>
    </ClInclude>
    <ClInclude Include="GP_Message.h">
      <Filter>Headerdateien</Filter>
    </ClInclude>
    <ClInclude Include="GP_Object.h">
      <Filter>Headerdateien</Filter>
    </ClInclude>
    <ClInclude Include="GP_Objectpool.h">
      <Filter>Headerdateien</Filter>
    </ClInclude>
    <ClInclude Include="GP_Mesh.h">
      <Filter>Headerdateien</Filter>
    </ClInclude>
    <ClInclude Include="GP_Vertex.h">
      <Filter>Headerdateien</Filter>
    </ClInclude>
    <ClInclude Include="GP_Material.h">
      <Filter>Headerdateien</Filter>
    </ClInclude>
    <ClInclude Include="GP_SimpleTextureMat.h">
      <Filter>Headerdateien</Filter>
    </ClInclude>
    <ClInclude Include="GP_Transform.h">
      <Filter>Headerdateien</Filter>
    </ClInclude>
    <ClInclude Include="GP_Camera.h">
      <Filter>Headerdateien</Filter>
    </ClInclude>
    <ClInclude Include="GP_Scene.h">
      <Filter>Headerdateien</Filter>
    </ClInclude>
    <ClInclude Include="GP_PrimPlane.h">
      <Filter>Headerdateien</Filter>
    </ClInclude>
    <ClInclude Include="GP_PrimCube.h">
      <Filter>Headerdateien</Filter>
    </ClInclude>
    <ClInclude Include="GP_Skybox.h">
      <Filter>Headerdateien</Filter>
    </ClInclude>
    <ClInclude Include="resource.h">
      <Filter>Headerdateien</Filter>
    </ClInclude>
    <ClInclude Include="GP_Light.h">
      <Filter>Headerdateien</Filter>
    </ClInclude>
    <ClInclude Include="GP_DirectionLight.h">
      <Filter>Headerdateien</Filter>
    </ClInclude>
    <ClInclude Include="GP_PointLight.h">
      <Filter>Headerdateien</Filter>
    </ClInclude>
    <ClInclude Include="GP_LightMaterial.h">
      <Filter>Headerdateien</Filter>
    </ClInclude>
    <ClInclude Include="GP_Mesh_Sphere.h">
      <Filter>Headerdateien</Filter>
    </ClInclude>
    <ClInclude Include="GP_EngineTime.h">
      <Filter>Headerdateien</Filter>
    </ClInclude>
    <ClInclude Include="GP_Mesh_Pyramid.h">
      <Filter>Headerdateien</Filter>
    </ClInclude>
    <ClInclude Include="GP_OBJLoader.h">
      <Filter>Headerdateien</Filter>
    </ClInclude>
    <ClInclude Include="GP_ReflectionMaterial.h">
      <Filter>Headerdateien</Filter>
    </ClInclude>
  </ItemGroup>
  <ItemGroup>
    <ClCompile Include="GraphicProgrammingEngine.cpp">
      <Filter>Quelldateien</Filter>
    </ClCompile>
    <ClCompile Include="GP_Core.cpp">
      <Filter>Quelldateien</Filter>
    </ClCompile>
    <ClCompile Include="GP_Window.cpp">
      <Filter>Quelldateien</Filter>
    </ClCompile>
    <ClCompile Include="GP_Renderer.cpp">
      <Filter>Quelldateien</Filter>
    </ClCompile>
    <ClCompile Include="GP_Message.cpp">
      <Filter>Quelldateien</Filter>
    </ClCompile>
    <ClCompile Include="GP_Object.cpp">
      <Filter>Quelldateien</Filter>
    </ClCompile>
    <ClCompile Include="GP_Objectpool.cpp">
      <Filter>Quelldateien</Filter>
    </ClCompile>
    <ClCompile Include="GP_Mesh.cpp">
      <Filter>Quelldateien</Filter>
    </ClCompile>
    <ClCompile Include="GP_Material.cpp">
      <Filter>Quelldateien</Filter>
    </ClCompile>
    <ClCompile Include="GP_SimpleTextureMat.cpp">
      <Filter>Quelldateien</Filter>
    </ClCompile>
    <ClCompile Include="GP_Transform.cpp">
      <Filter>Quelldateien</Filter>
    </ClCompile>
    <ClCompile Include="GP_Camera.cpp">
      <Filter>Quelldateien</Filter>
    </ClCompile>
    <ClCompile Include="GP_Scene.cpp">
      <Filter>Quelldateien</Filter>
    </ClCompile>
    <ClCompile Include="GP_PrimPlane.cpp">
      <Filter>Quelldateien</Filter>
    </ClCompile>
    <ClCompile Include="GP_PrimCube.cpp">
      <Filter>Quelldateien</Filter>
    </ClCompile>
    <ClCompile Include="GP_Skybox.cpp">
      <Filter>Quelldateien</Filter>
    </ClCompile>
    <ClCompile Include="GP_Light.cpp">
      <Filter>Quelldateien</Filter>
    </ClCompile>
    <ClCompile Include="GP_DirectionLight.cpp">
      <Filter>Quelldateien</Filter>
    </ClCompile>
    <ClCompile Include="GP_PointLight.cpp">
      <Filter>Quelldateien</Filter>
    </ClCompile>
    <ClCompile Include="GP_LightMaterial.cpp">
      <Filter>Quelldateien</Filter>
    </ClCompile>
    <ClCompile Include="GP_Mesh_Sphere.cpp">
      <Filter>Quelldateien</Filter>
    </ClCompile>
    <ClCompile Include="GP_EngineTime.cpp">
      <Filter>Quelldateien</Filter>
    </ClCompile>
    <ClCompile Include="GP_Mesh_Pyramid.cpp">
      <Filter>Quelldateien</Filter>
    </ClCompile>
    <ClCompile Include="GP_OBJLoader.cpp">
      <Filter>Quelldateien</Filter>
    </ClCompile>
    <ClCompile Include="GP_ReflectionMaterial.cpp">
      <Filter>Quelldateien</Filter>
    </ClCompile>
  </ItemGroup>
  <ItemGroup>
    <FxCompile Include="VSSimpleTexture.hlsl" />
    <FxCompile Include="PSSimpleTexture.hlsl" />
    <FxCompile Include="PSPhongShader.hlsl" />
    <FxCompile Include="VSPhongShader.hlsl" />
    <FxCompile Include="VSNormal.hlsl" />
    <FxCompile Include="PSNormal.hlsl" />
    <FxCompile Include="VSReflectionShader.hlsl" />
    <FxCompile Include="PSReflectionShader.hlsl" />
  </ItemGroup>
  <ItemGroup>
    <ResourceCompile Include="GraphicProgrammingEngine.rc">
      <Filter>Ressourcendateien</Filter>
    </ResourceCompile>
  </ItemGroup>
</Project>